
Microsoft Visual Studio Solution File, Format Version 12.00
# Visual Studio Version 17
VisualStudioVersion = 17.0.31903.59
MinimumVisualStudioVersion = 10.0.40219.1
Project("{2150E333-8FDC-42A3-9474-1A3956D46DE8}") = "src", "src", "{AD5F07F8-A9CA-4CF8-B0B2-D8E8827702D9}"
EndProject
Project("{FAE04EC0-301F-11D3-BF4B-00C04F79EFBC}") = "Kritik.App", "src\Kritik.App\Kritik.App.csproj", "{11C122B0-F10D-4C6D-B56F-E621B0331937}"
EndProject
Project("{FAE04EC0-301F-11D3-BF4B-00C04F79EFBC}") = "Kritik.Backend", "src\Kritik.Backend\Kritik.Backend.csproj", "{88AE9D2A-B3E9-4481-9621-5D09B15FA520}"
EndProject
Project("{FAE04EC0-301F-11D3-BF4B-00C04F79EFBC}") = "Kritik.Frontend", "src\Kritik.Frontend\Kritik.Frontend.csproj", "{C51053FF-6B9C-44CC-B318-1D71CD8027AF}"
EndProject
Project("{FAE04EC0-301F-11D3-BF4B-00C04F79EFBC}") = "Kritik.Shared", "src\Kritik.Shared\Kritik.Shared.csproj", "{00135223-237C-4F25-A1ED-D245A270F613}"
EndProject
Global
	GlobalSection(SolutionConfigurationPlatforms) = preSolution
		Debug|Any CPU = Debug|Any CPU
		Release|Any CPU = Release|Any CPU
	EndGlobalSection
	GlobalSection(SolutionProperties) = preSolution
		HideSolutionNode = FALSE
	EndGlobalSection
	GlobalSection(ProjectConfigurationPlatforms) = postSolution
		{11C122B0-F10D-4C6D-B56F-E621B0331937}.Debug|Any CPU.ActiveCfg = Debug|Any CPU
		{11C122B0-F10D-4C6D-B56F-E621B0331937}.Debug|Any CPU.Build.0 = Debug|Any CPU
		{11C122B0-F10D-4C6D-B56F-E621B0331937}.Release|Any CPU.ActiveCfg = Release|Any CPU
		{11C122B0-F10D-4C6D-B56F-E621B0331937}.Release|Any CPU.Build.0 = Release|Any CPU
		{88AE9D2A-B3E9-4481-9621-5D09B15FA520}.Debug|Any CPU.ActiveCfg = Debug|Any CPU
		{88AE9D2A-B3E9-4481-9621-5D09B15FA520}.Debug|Any CPU.Build.0 = Debug|Any CPU
		{88AE9D2A-B3E9-4481-9621-5D09B15FA520}.Release|Any CPU.ActiveCfg = Release|Any CPU
		{88AE9D2A-B3E9-4481-9621-5D09B15FA520}.Release|Any CPU.Build.0 = Release|Any CPU
		{C51053FF-6B9C-44CC-B318-1D71CD8027AF}.Debug|Any CPU.ActiveCfg = Debug|Any CPU
		{C51053FF-6B9C-44CC-B318-1D71CD8027AF}.Debug|Any CPU.Build.0 = Debug|Any CPU
		{C51053FF-6B9C-44CC-B318-1D71CD8027AF}.Release|Any CPU.ActiveCfg = Release|Any CPU
		{C51053FF-6B9C-44CC-B318-1D71CD8027AF}.Release|Any CPU.Build.0 = Release|Any CPU
		{00135223-237C-4F25-A1ED-D245A270F613}.Debug|Any CPU.ActiveCfg = Debug|Any CPU
		{00135223-237C-4F25-A1ED-D245A270F613}.Debug|Any CPU.Build.0 = Debug|Any CPU
		{00135223-237C-4F25-A1ED-D245A270F613}.Release|Any CPU.ActiveCfg = Release|Any CPU
		{00135223-237C-4F25-A1ED-D245A270F613}.Release|Any CPU.Build.0 = Release|Any CPU
	EndGlobalSection
	GlobalSection(NestedProjects) = preSolution
		{11C122B0-F10D-4C6D-B56F-E621B0331937} = {AD5F07F8-A9CA-4CF8-B0B2-D8E8827702D9}
		{88AE9D2A-B3E9-4481-9621-5D09B15FA520} = {AD5F07F8-A9CA-4CF8-B0B2-D8E8827702D9}
		{C51053FF-6B9C-44CC-B318-1D71CD8027AF} = {AD5F07F8-A9CA-4CF8-B0B2-D8E8827702D9}
		{00135223-237C-4F25-A1ED-D245A270F613} = {AD5F07F8-A9CA-4CF8-B0B2-D8E8827702D9}
	EndGlobalSection
EndGlobal
